
Microsoft Visual Studio Solution File, Format Version 12.00
# Visual Studio Version 17
VisualStudioVersion = 17.9.34607.119
MinimumVisualStudioVersion = 10.0.40219.1
Project("{FAE04EC0-301F-11D3-BF4B-00C04F79EFBC}") = "SFML_EZ", "SFML_EZ.csproj", "{6C93A550-D4D6-419D-AFCD-CD846D5047C3}"
EndProject
Global
	GlobalSection(SolutionConfigurationPlatforms) = preSolution
		Debug|Any CPU = Debug|Any CPU
		Release|Any CPU = Release|Any CPU
	EndGlobalSection
	GlobalSection(ProjectConfigurationPlatforms) = postSolution
		{6C93A550-D4D6-419D-AFCD-CD846D5047C3}.Debug|Any CPU.ActiveCfg = Debug|Any CPU
		{6C93A550-D4D6-419D-AFCD-CD846D5047C3}.Debug|Any CPU.Build.0 = Debug|Any CPU
		{6C93A550-D4D6-419D-AFCD-CD846D5047C3}.Release|Any CPU.ActiveCfg = Release|Any CPU
		{6C93A550-D4D6-419D-AFCD-CD846D5047C3}.Release|Any CPU.Build.0 = Release|Any CPU
	EndGlobalSection
	GlobalSection(SolutionProperties) = preSolution
		HideSolutionNode = FALSE
	EndGlobalSection
	GlobalSection(ExtensibilityGlobals) = postSolution
		SolutionGuid = {2455FDE9-B202-4A3B-A949-EE69184A5E76}
	EndGlobalSection
EndGlobal
